// !$*UTF8*$!
{
	archiveVersion = 1;
	classes = {
	};
	objectVersion = 46;
	objects = {

/* Begin PBXBuildFile section */
		5E2B9391B527CDF59393760E /* libPods-CH_ChiJiGame.a in Frameworks */ = {isa = PBXBuildFile; fileRef = 8FECBE975B799F972FF34D76 /* libPods-CH_ChiJiGame.a */; };
		FE2CEFC01FCBE09C0078CE32 /* CH_NetWorkManager.m in Sources */ = {isa = PBXBuildFile; fileRef = FE2CEFBF1FCBE09C0078CE32 /* CH_NetWorkManager.m */; };
		FE2CEFCC1FCC09D90078CE32 /* NSString+Option.m in Sources */ = {isa = PBXBuildFile; fileRef = FE2CEFCB1FCC09D90078CE32 /* NSString+Option.m */; };
		FE2CEFD01FCC10250078CE32 /* UserModel.m in Sources */ = {isa = PBXBuildFile; fileRef = FE2CEFCF1FCC10250078CE32 /* UserModel.m */; };
		FE2CEFD31FCC143C0078CE32 /* TeamModel.m in Sources */ = {isa = PBXBuildFile; fileRef = FE2CEFD21FCC143C0078CE32 /* TeamModel.m */; };
		FE2CEFD61FCEC9DD0078CE32 /* LocationModel.m in Sources */ = {isa = PBXBuildFile; fileRef = FE2CEFD51FCEC9DD0078CE32 /* LocationModel.m */; };
		FE2CEFD91FCECF930078CE32 /* PointModel.m in Sources */ = {isa = PBXBuildFile; fileRef = FE2CEFD81FCECF930078CE32 /* PointModel.m */; };
		FE2CEFDC1FCF1A7A0078CE32 /* PlayerModel.m in Sources */ = {isa = PBXBuildFile; fileRef = FE2CEFDB1FCF1A7A0078CE32 /* PlayerModel.m */; };
		FE647A5B1FC3FA640016F3E4 /* CH_GameShowViewController.m in Sources */ = {isa = PBXBuildFile; fileRef = FE647A5A1FC3FA640016F3E4 /* CH_GameShowViewController.m */; };
		FE647A601FC51BA20016F3E4 /* CH_MemberMessView.m in Sources */ = {isa = PBXBuildFile; fileRef = FE647A5F1FC51BA20016F3E4 /* CH_MemberMessView.m */; };
		FE647A621FC545500016F3E4 /* mystyle_sdk_1511329093_0100.data in Resources */ = {isa = PBXBuildFile; fileRef = FE647A611FC545500016F3E4 /* mystyle_sdk_1511329093_0100.data */; };
		FE647A651FC5528B0016F3E4 /* CH_TeamMesView.m in Sources */ = {isa = PBXBuildFile; fileRef = FE647A641FC5528B0016F3E4 /* CH_TeamMesView.m */; };
		FE647A6A1FC679940016F3E4 /* LLPulseAnimation.m in Sources */ = {isa = PBXBuildFile; fileRef = FE647A671FC679940016F3E4 /* LLPulseAnimation.m */; };
		FE647A6B1FC679940016F3E4 /* LLRadarView.m in Sources */ = {isa = PBXBuildFile; fileRef = FE647A691FC679940016F3E4 /* LLRadarView.m */; };
		FE647A6E1FC6EAC20016F3E4 /* CH_VictoryViewController.m in Sources */ = {isa = PBXBuildFile; fileRef = FE647A6D1FC6EAC20016F3E4 /* CH_VictoryViewController.m */; };
		FE7D93391FBEFB6A008BA8CF /* main.m in Sources */ = {isa = PBXBuildFile; fileRef = FE7D93381FBEFB6A008BA8CF /* main.m */; };
		FE7D933C1FBEFB6A008BA8CF /* AppDelegate.m in Sources */ = {isa = PBXBuildFile; fileRef = FE7D933B1FBEFB6A008BA8CF /* AppDelegate.m */; };
		FE7D933F1FBEFB6A008BA8CF /* ViewController.m in Sources */ = {isa = PBXBuildFile; fileRef = FE7D933E1FBEFB6A008BA8CF /* ViewController.m */; };
		FE7D93421FBEFB6A008BA8CF /* Main.storyboard in Resources */ = {isa = PBXBuildFile; fileRef = FE7D93401FBEFB6A008BA8CF /* Main.storyboard */; };
		FE7D93441FBEFB6A008BA8CF /* Assets.xcassets in Resources */ = {isa = PBXBuildFile; fileRef = FE7D93431FBEFB6A008BA8CF /* Assets.xcassets */; };
		FE7D93471FBEFB6A008BA8CF /* LaunchScreen.storyboard in Resources */ = {isa = PBXBuildFile; fileRef = FE7D93451FBEFB6A008BA8CF /* LaunchScreen.storyboard */; };
		FE7D93521FBEFB6A008BA8CF /* CH_ChiJiGameTests.m in Sources */ = {isa = PBXBuildFile; fileRef = FE7D93511FBEFB6A008BA8CF /* CH_ChiJiGameTests.m */; };
		FE7D935D1FBEFB6B008BA8CF /* CH_ChiJiGameUITests.m in Sources */ = {isa = PBXBuildFile; fileRef = FE7D935C1FBEFB6B008BA8CF /* CH_ChiJiGameUITests.m */; };
		FE7D93781FC275E2008BA8CF /* JSONKit.m in Sources */ = {isa = PBXBuildFile; fileRef = FE7D93771FC275E2008BA8CF /* JSONKit.m */; settings = {COMPILER_FLAGS = "-fno-objc-arc"; }; };
		FE7D937B1FC27971008BA8CF /* BaseViewController.m in Sources */ = {isa = PBXBuildFile; fileRef = FE7D937A1FC27971008BA8CF /* BaseViewController.m */; };
		FE7D937E1FC27A17008BA8CF /* CH_TeamCreatViewController.m in Sources */ = {isa = PBXBuildFile; fileRef = FE7D937D1FC27A17008BA8CF /* CH_TeamCreatViewController.m */; };
		FE7D93851FC2D1E3008BA8CF /* CH_TeamCollectionViewCell.m in Sources */ = {isa = PBXBuildFile; fileRef = FE7D93841FC2D1E3008BA8CF /* CH_TeamCollectionViewCell.m */; };
/* End PBXBuildFile section */

/* Begin PBXContainerItemProxy section */
		FE7D934E1FBEFB6A008BA8CF /* PBXContainerItemProxy */ = {
			isa = PBXContainerItemProxy;
			containerPortal = FE7D932C1FBEFB6A008BA8CF /* Project object */;
			proxyType = 1;
			remoteGlobalIDString = FE7D93331FBEFB6A008BA8CF;
			remoteInfo = CH_ChiJiGame;
		};
		FE7D93591FBEFB6B008BA8CF /* PBXContainerItemProxy */ = {
			isa = PBXContainerItemProxy;
			containerPortal = FE7D932C1FBEFB6A008BA8CF /* Project object */;
			proxyType = 1;
			remoteGlobalIDString = FE7D93331FBEFB6A008BA8CF;
			remoteInfo = CH_ChiJiGame;
		};
/* End PBXContainerItemProxy section */

/* Begin PBXFileReference section */
		0C178FDA56FD52B52C5D56C8 /* Pods-CH_ChiJiGame.debug.xcconfig */ = {isa = PBXFileReference; includeInIndex = 1; lastKnownFileType = text.xcconfig; name = "Pods-CH_ChiJiGame.debug.xcconfig"; path = "Pods/Target Support Files/Pods-CH_ChiJiGame/Pods-CH_ChiJiGame.debug.xcconfig"; sourceTree = "<group>"; };
		8FECBE975B799F972FF34D76 /* libPods-CH_ChiJiGame.a */ = {isa = PBXFileReference; explicitFileType = archive.ar; includeInIndex = 0; path = "libPods-CH_ChiJiGame.a"; sourceTree = BUILT_PRODUCTS_DIR; };
		B22A4DE0CD94C9341B292A49 /* Pods-CH_ChiJiGame.release.xcconfig */ = {isa = PBXFileReference; includeInIndex = 1; lastKnownFileType = text.xcconfig; name = "Pods-CH_ChiJiGame.release.xcconfig"; path = "Pods/Target Support Files/Pods-CH_ChiJiGame/Pods-CH_ChiJiGame.release.xcconfig"; sourceTree = "<group>"; };
		FE2CEFBE1FCBE09C0078CE32 /* CH_NetWorkManager.h */ = {isa = PBXFileReference; fileEncoding = 4; lastKnownFileType = sourcecode.c.h; path = CH_NetWorkManager.h; sourceTree = "<group>"; };
		FE2CEFBF1FCBE09C0078CE32 /* CH_NetWorkManager.m */ = {isa = PBXFileReference; fileEncoding = 4; lastKnownFileType = sourcecode.c.objc; path = CH_NetWorkManager.m; sourceTree = "<group>"; };
		FE2CEFCA1FCC09D90078CE32 /* NSString+Option.h */ = {isa = PBXFileReference; fileEncoding = 4; lastKnownFileType = sourcecode.c.h; path = "NSString+Option.h"; sourceTree = "<group>"; };
		FE2CEFCB1FCC09D90078CE32 /* NSString+Option.m */ = {isa = PBXFileReference; fileEncoding = 4; lastKnownFileType = sourcecode.c.objc; path = "NSString+Option.m"; sourceTree = "<group>"; };
		FE2CEFCE1FCC10250078CE32 /* UserModel.h */ = {isa = PBXFileReference; fileEncoding = 4; lastKnownFileType = sourcecode.c.h; path = UserModel.h; sourceTree = "<group>"; };
		FE2CEFCF1FCC10250078CE32 /* UserModel.m */ = {isa = PBXFileReference; fileEncoding = 4; lastKnownFileType = sourcecode.c.objc; path = UserModel.m; sourceTree = "<group>"; };
		FE2CEFD11FCC143C0078CE32 /* TeamModel.h */ = {isa = PBXFileReference; fileEncoding = 4; lastKnownFileType = sourcecode.c.h; path = TeamModel.h; sourceTree = "<group>"; };
		FE2CEFD21FCC143C0078CE32 /* TeamModel.m */ = {isa = PBXFileReference; fileEncoding = 4; lastKnownFileType = sourcecode.c.objc; path = TeamModel.m; sourceTree = "<group>"; };
		FE2CEFD41FCEC9DD0078CE32 /* LocationModel.h */ = {isa = PBXFileReference; fileEncoding = 4; lastKnownFileType = sourcecode.c.h; path = LocationModel.h; sourceTree = "<group>"; };
		FE2CEFD51FCEC9DD0078CE32 /* LocationModel.m */ = {isa = PBXFileReference; fileEncoding = 4; lastKnownFileType = sourcecode.c.objc; path = LocationModel.m; sourceTree = "<group>"; };
		FE2CEFD71FCECF930078CE32 /* PointModel.h */ = {isa = PBXFileReference; fileEncoding = 4; lastKnownFileType = sourcecode.c.h; path = PointModel.h; sourceTree = "<group>"; };
		FE2CEFD81FCECF930078CE32 /* PointModel.m */ = {isa = PBXFileReference; fileEncoding = 4; lastKnownFileType = sourcecode.c.objc; path = PointModel.m; sourceTree = "<group>"; };
		FE2CEFDA1FCF1A790078CE32 /* PlayerModel.h */ = {isa = PBXFileReference; fileEncoding = 4; lastKnownFileType = sourcecode.c.h; path = PlayerModel.h; sourceTree = "<group>"; };
		FE2CEFDB1FCF1A7A0078CE32 /* PlayerModel.m */ = {isa = PBXFileReference; fileEncoding = 4; lastKnownFileType = sourcecode.c.objc; path = PlayerModel.m; sourceTree = "<group>"; };
		FE647A591FC3FA640016F3E4 /* CH_GameShowViewController.h */ = {isa = PBXFileReference; fileEncoding = 4; lastKnownFileType = sourcecode.c.h; path = CH_GameShowViewController.h; sourceTree = "<group>"; };
		FE647A5A1FC3FA640016F3E4 /* CH_GameShowViewController.m */ = {isa = PBXFileReference; fileEncoding = 4; lastKnownFileType = sourcecode.c.objc; path = CH_GameShowViewController.m; sourceTree = "<group>"; };
		FE647A5C1FC40EC20016F3E4 /* CoreLocation.framework */ = {isa = PBXFileReference; lastKnownFileType = wrapper.framework; name = CoreLocation.framework; path = System/Library/Frameworks/CoreLocation.framework; sourceTree = SDKROOT; };
		FE647A5E1FC51BA20016F3E4 /* CH_MemberMessView.h */ = {isa = PBXFileReference; fileEncoding = 4; lastKnownFileType = sourcecode.c.h; path = CH_MemberMessView.h; sourceTree = "<group>"; };
		FE647A5F1FC51BA20016F3E4 /* CH_MemberMessView.m */ = {isa = PBXFileReference; fileEncoding = 4; lastKnownFileType = sourcecode.c.objc; path = CH_MemberMessView.m; sourceTree = "<group>"; };
		FE647A611FC545500016F3E4 /* mystyle_sdk_1511329093_0100.data */ = {isa = PBXFileReference; lastKnownFileType = file; path = mystyle_sdk_1511329093_0100.data; sourceTree = "<group>"; };
		FE647A631FC5528A0016F3E4 /* CH_TeamMesView.h */ = {isa = PBXFileReference; fileEncoding = 4; lastKnownFileType = sourcecode.c.h; path = CH_TeamMesView.h; sourceTree = "<group>"; };
		FE647A641FC5528B0016F3E4 /* CH_TeamMesView.m */ = {isa = PBXFileReference; fileEncoding = 4; lastKnownFileType = sourcecode.c.objc; path = CH_TeamMesView.m; sourceTree = "<group>"; };
		FE647A661FC679940016F3E4 /* LLPulseAnimation.h */ = {isa = PBXFileReference; fileEncoding = 4; lastKnownFileType = sourcecode.c.h; name = LLPulseAnimation.h; path = ../LLPulseAnimation.h; sourceTree = "<group>"; };
		FE647A671FC679940016F3E4 /* LLPulseAnimation.m */ = {isa = PBXFileReference; fileEncoding = 4; lastKnownFileType = sourcecode.c.objc; name = LLPulseAnimation.m; path = ../LLPulseAnimation.m; sourceTree = "<group>"; };
		FE647A681FC679940016F3E4 /* LLRadarView.h */ = {isa = PBXFileReference; fileEncoding = 4; lastKnownFileType = sourcecode.c.h; name = LLRadarView.h; path = ../LLRadarView.h; sourceTree = "<group>"; };
		FE647A691FC679940016F3E4 /* LLRadarView.m */ = {isa = PBXFileReference; fileEncoding = 4; lastKnownFileType = sourcecode.c.objc; name = LLRadarView.m; path = ../LLRadarView.m; sourceTree = "<group>"; };
		FE647A6C1FC6EAC20016F3E4 /* CH_VictoryViewController.h */ = {isa = PBXFileReference; fileEncoding = 4; lastKnownFileType = sourcecode.c.h; path = CH_VictoryViewController.h; sourceTree = "<group>"; };
		FE647A6D1FC6EAC20016F3E4 /* CH_VictoryViewController.m */ = {isa = PBXFileReference; fileEncoding = 4; lastKnownFileType = sourcecode.c.objc; path = CH_VictoryViewController.m; sourceTree = "<group>"; };
		FE7D93341FBEFB6A008BA8CF /* CH_ChiJiGame.app */ = {isa = PBXFileReference; explicitFileType = wrapper.application; includeInIndex = 0; path = CH_ChiJiGame.app; sourceTree = BUILT_PRODUCTS_DIR; };
		FE7D93381FBEFB6A008BA8CF /* main.m */ = {isa = PBXFileReference; lastKnownFileType = sourcecode.c.objc; path = main.m; sourceTree = "<group>"; };
		FE7D933A1FBEFB6A008BA8CF /* AppDelegate.h */ = {isa = PBXFileReference; lastKnownFileType = sourcecode.c.h; path = AppDelegate.h; sourceTree = "<group>"; };
		FE7D933B1FBEFB6A008BA8CF /* AppDelegate.m */ = {isa = PBXFileReference; lastKnownFileType = sourcecode.c.objc; path = AppDelegate.m; sourceTree = "<group>"; };
		FE7D933D1FBEFB6A008BA8CF /* ViewController.h */ = {isa = PBXFileReference; lastKnownFileType = sourcecode.c.h; path = ViewController.h; sourceTree = "<group>"; };
		FE7D933E1FBEFB6A008BA8CF /* ViewController.m */ = {isa = PBXFileReference; lastKnownFileType = sourcecode.c.objc; path = ViewController.m; sourceTree = "<group>"; };
		FE7D93411FBEFB6A008BA8CF /* Base */ = {isa = PBXFileReference; lastKnownFileType = file.storyboard; name = Base; path = Base.lproj/Main.storyboard; sourceTree = "<group>"; };
		FE7D93431FBEFB6A008BA8CF /* Assets.xcassets */ = {isa = PBXFileReference; lastKnownFileType = folder.assetcatalog; path = Assets.xcassets; sourceTree = "<group>"; };
		FE7D93461FBEFB6A008BA8CF /* Base */ = {isa = PBXFileReference; lastKnownFileType = file.storyboard; name = Base; path = Base.lproj/LaunchScreen.storyboard; sourceTree = "<group>"; };
		FE7D93481FBEFB6A008BA8CF /* Info.plist */ = {isa = PBXFileReference; lastKnownFileType = text.plist.xml; path = Info.plist; sourceTree = "<group>"; };
		FE7D934D1FBEFB6A008BA8CF /* CH_ChiJiGameTests.xctest */ = {isa = PBXFileReference; explicitFileType = wrapper.cfbundle; includeInIndex = 0; path = CH_ChiJiGameTests.xctest; sourceTree = BUILT_PRODUCTS_DIR; };
		FE7D93511FBEFB6A008BA8CF /* CH_ChiJiGameTests.m */ = {isa = PBXFileReference; lastKnownFileType = sourcecode.c.objc; path = CH_ChiJiGameTests.m; sourceTree = "<group>"; };
		FE7D93531FBEFB6A008BA8CF /* Info.plist */ = {isa = PBXFileReference; lastKnownFileType = text.plist.xml; path = Info.plist; sourceTree = "<group>"; };
		FE7D93581FBEFB6B008BA8CF /* CH_ChiJiGameUITests.xctest */ = {isa = PBXFileReference; explicitFileType = wrapper.cfbundle; includeInIndex = 0; path = CH_ChiJiGameUITests.xctest; sourceTree = BUILT_PRODUCTS_DIR; };
		FE7D935C1FBEFB6B008BA8CF /* CH_ChiJiGameUITests.m */ = {isa = PBXFileReference; lastKnownFileType = sourcecode.c.objc; path = CH_ChiJiGameUITests.m; sourceTree = "<group>"; };
		FE7D935E1FBEFB6B008BA8CF /* Info.plist */ = {isa = PBXFileReference; lastKnownFileType = text.plist.xml; path = Info.plist; sourceTree = "<group>"; };
		FE7D936A1FBEFCEA008BA8CF /* CH_ChiJiGame-Prefix.pch */ = {isa = PBXFileReference; lastKnownFileType = sourcecode.c.h; path = "CH_ChiJiGame-Prefix.pch"; sourceTree = "<group>"; };
		FE7D93761FC275E2008BA8CF /* JSONKit.h */ = {isa = PBXFileReference; fileEncoding = 4; lastKnownFileType = sourcecode.c.h; path = JSONKit.h; sourceTree = "<group>"; };
		FE7D93771FC275E2008BA8CF /* JSONKit.m */ = {isa = PBXFileReference; fileEncoding = 4; lastKnownFileType = sourcecode.c.objc; path = JSONKit.m; sourceTree = "<group>"; };
		FE7D93791FC27971008BA8CF /* BaseViewController.h */ = {isa = PBXFileReference; fileEncoding = 4; lastKnownFileType = sourcecode.c.h; path = BaseViewController.h; sourceTree = "<group>"; };
		FE7D937A1FC27971008BA8CF /* BaseViewController.m */ = {isa = PBXFileReference; fileEncoding = 4; lastKnownFileType = sourcecode.c.objc; path = BaseViewController.m; sourceTree = "<group>"; };
		FE7D937C1FC27A17008BA8CF /* CH_TeamCreatViewController.h */ = {isa = PBXFileReference; fileEncoding = 4; lastKnownFileType = sourcecode.c.h; path = CH_TeamCreatViewController.h; sourceTree = "<group>"; };
		FE7D937D1FC27A17008BA8CF /* CH_TeamCreatViewController.m */ = {isa = PBXFileReference; fileEncoding = 4; lastKnownFileType = sourcecode.c.objc; path = CH_TeamCreatViewController.m; sourceTree = "<group>"; };
		FE7D937F1FC286C1008BA8CF /* CH_ChiJiCommon.h */ = {isa = PBXFileReference; lastKnownFileType = sourcecode.c.h; path = CH_ChiJiCommon.h; sourceTree = "<group>"; };
		FE7D93831FC2D1E3008BA8CF /* CH_TeamCollectionViewCell.h */ = {isa = PBXFileReference; fileEncoding = 4; lastKnownFileType = sourcecode.c.h; path = CH_TeamCollectionViewCell.h; sourceTree = "<group>"; };
		FE7D93841FC2D1E3008BA8CF /* CH_TeamCollectionViewCell.m */ = {isa = PBXFileReference; fileEncoding = 4; lastKnownFileType = sourcecode.c.objc; path = CH_TeamCollectionViewCell.m; sourceTree = "<group>"; };
/* End PBXFileReference section */

/* Begin PBXFrameworksBuildPhase section */
		FE7D93311FBEFB6A008BA8CF /* Frameworks */ = {
			isa = PBXFrameworksBuildPhase;
			buildActionMask = 2147483647;
			files = (
				5E2B9391B527CDF59393760E /* libPods-CH_ChiJiGame.a in Frameworks */,
			);
			runOnlyForDeploymentPostprocessing = 0;
		};
		FE7D934A1FBEFB6A008BA8CF /* Frameworks */ = {
			isa = PBXFrameworksBuildPhase;
			buildActionMask = 2147483647;
			files = (
			);
			runOnlyForDeploymentPostprocessing = 0;
		};
		FE7D93551FBEFB6B008BA8CF /* Frameworks */ = {
			isa = PBXFrameworksBuildPhase;
			buildActionMask = 2147483647;
			files = (
			);
			runOnlyForDeploymentPostprocessing = 0;
		};
/* End PBXFrameworksBuildPhase section */

/* Begin PBXGroup section */
		D6EFB360436DF60AC259D5E4 /* Frameworks */ = {
			isa = PBXGroup;
			children = (
				FE647A5C1FC40EC20016F3E4 /* CoreLocation.framework */,
				8FECBE975B799F972FF34D76 /* libPods-CH_ChiJiGame.a */,
			);
			name = Frameworks;
			sourceTree = "<group>";
		};
		FB6EF33BB6ECB5A19E5CFD37 /* Pods */ = {
			isa = PBXGroup;
			children = (
				0C178FDA56FD52B52C5D56C8 /* Pods-CH_ChiJiGame.debug.xcconfig */,
				B22A4DE0CD94C9341B292A49 /* Pods-CH_ChiJiGame.release.xcconfig */,
			);
			name = Pods;
			sourceTree = "<group>";
		};
		FE2CEFCD1FCC10140078CE32 /* Model */ = {
			isa = PBXGroup;
			children = (
				FE2CEFCE1FCC10250078CE32 /* UserModel.h */,
				FE2CEFCF1FCC10250078CE32 /* UserModel.m */,
				FE2CEFD11FCC143C0078CE32 /* TeamModel.h */,
				FE2CEFD21FCC143C0078CE32 /* TeamModel.m */,
				FE2CEFD41FCEC9DD0078CE32 /* LocationModel.h */,
				FE2CEFD51FCEC9DD0078CE32 /* LocationModel.m */,
				FE2CEFD71FCECF930078CE32 /* PointModel.h */,
				FE2CEFD81FCECF930078CE32 /* PointModel.m */,
				FE2CEFDA1FCF1A790078CE32 /* PlayerModel.h */,
				FE2CEFDB1FCF1A7A0078CE32 /* PlayerModel.m */,
			);
			path = Model;
			sourceTree = "<group>";
		};
		FE7D932B1FBEFB6A008BA8CF = {
			isa = PBXGroup;
			children = (
				FE7D93361FBEFB6A008BA8CF /* CH_ChiJiGame */,
				FE7D93501FBEFB6A008BA8CF /* CH_ChiJiGameTests */,
				FE7D935B1FBEFB6B008BA8CF /* CH_ChiJiGameUITests */,
				FE7D93351FBEFB6A008BA8CF /* Products */,
				FB6EF33BB6ECB5A19E5CFD37 /* Pods */,
				D6EFB360436DF60AC259D5E4 /* Frameworks */,
			);
			sourceTree = "<group>";
		};
		FE7D93351FBEFB6A008BA8CF /* Products */ = {
			isa = PBXGroup;
			children = (
				FE7D93341FBEFB6A008BA8CF /* CH_ChiJiGame.app */,
				FE7D934D1FBEFB6A008BA8CF /* CH_ChiJiGameTests.xctest */,
				FE7D93581FBEFB6B008BA8CF /* CH_ChiJiGameUITests.xctest */,
			);
			name = Products;
			sourceTree = "<group>";
		};
		FE7D93361FBEFB6A008BA8CF /* CH_ChiJiGame */ = {
			isa = PBXGroup;
			children = (
				FE2CEFCD1FCC10140078CE32 /* Model */,
				FE7D936E1FBEFE47008BA8CF /* OpenSource */,
				FE7D933A1FBEFB6A008BA8CF /* AppDelegate.h */,
				FE7D933B1FBEFB6A008BA8CF /* AppDelegate.m */,
				FE7D933D1FBEFB6A008BA8CF /* ViewController.h */,
				FE7D933E1FBEFB6A008BA8CF /* ViewController.m */,
				FE7D937C1FC27A17008BA8CF /* CH_TeamCreatViewController.h */,
				FE7D937D1FC27A17008BA8CF /* CH_TeamCreatViewController.m */,
				FE7D93831FC2D1E3008BA8CF /* CH_TeamCollectionViewCell.h */,
				FE7D93841FC2D1E3008BA8CF /* CH_TeamCollectionViewCell.m */,
				FE647A591FC3FA640016F3E4 /* CH_GameShowViewController.h */,
				FE647A5A1FC3FA640016F3E4 /* CH_GameShowViewController.m */,
				FE647A6C1FC6EAC20016F3E4 /* CH_VictoryViewController.h */,
				FE647A6D1FC6EAC20016F3E4 /* CH_VictoryViewController.m */,
				FE647A5E1FC51BA20016F3E4 /* CH_MemberMessView.h */,
				FE647A5F1FC51BA20016F3E4 /* CH_MemberMessView.m */,
				FE647A631FC5528A0016F3E4 /* CH_TeamMesView.h */,
				FE647A641FC5528B0016F3E4 /* CH_TeamMesView.m */,
				FE7D93791FC27971008BA8CF /* BaseViewController.h */,
				FE7D937A1FC27971008BA8CF /* BaseViewController.m */,
				FE2CEFBE1FCBE09C0078CE32 /* CH_NetWorkManager.h */,
				FE2CEFBF1FCBE09C0078CE32 /* CH_NetWorkManager.m */,
				FE2CEFCA1FCC09D90078CE32 /* NSString+Option.h */,
				FE2CEFCB1FCC09D90078CE32 /* NSString+Option.m */,
				FE647A611FC545500016F3E4 /* mystyle_sdk_1511329093_0100.data */,
				FE7D93401FBEFB6A008BA8CF /* Main.storyboard */,
				FE7D93431FBEFB6A008BA8CF /* Assets.xcassets */,
				FE7D93451FBEFB6A008BA8CF /* LaunchScreen.storyboard */,
				FE7D93481FBEFB6A008BA8CF /* Info.plist */,
				FE7D93371FBEFB6A008BA8CF /* Supporting Files */,
			);
			path = CH_ChiJiGame;
			sourceTree = "<group>";
		};
		FE7D93371FBEFB6A008BA8CF /* Supporting Files */ = {
			isa = PBXGroup;
			children = (
				FE7D93381FBEFB6A008BA8CF /* main.m */,
				FE7D936A1FBEFCEA008BA8CF /* CH_ChiJiGame-Prefix.pch */,
				FE7D937F1FC286C1008BA8CF /* CH_ChiJiCommon.h */,
			);
			name = "Supporting Files";
			sourceTree = "<group>";
		};
		FE7D93501FBEFB6A008BA8CF /* CH_ChiJiGameTests */ = {
			isa = PBXGroup;
			children = (
				FE7D93511FBEFB6A008BA8CF /* CH_ChiJiGameTests.m */,
				FE7D93531FBEFB6A008BA8CF /* Info.plist */,
			);
			path = CH_ChiJiGameTests;
			sourceTree = "<group>";
		};
		FE7D935B1FBEFB6B008BA8CF /* CH_ChiJiGameUITests */ = {
			isa = PBXGroup;
			children = (
				FE7D935C1FBEFB6B008BA8CF /* CH_ChiJiGameUITests.m */,
				FE7D935E1FBEFB6B008BA8CF /* Info.plist */,
			);
			path = CH_ChiJiGameUITests;
			sourceTree = "<group>";
		};
		FE7D936E1FBEFE47008BA8CF /* OpenSource */ = {
			isa = PBXGroup;
			children = (
				FE647A661FC679940016F3E4 /* LLPulseAnimation.h */,
				FE647A671FC679940016F3E4 /* LLPulseAnimation.m */,
				FE647A681FC679940016F3E4 /* LLRadarView.h */,
				FE647A691FC679940016F3E4 /* LLRadarView.m */,
				FE7D93751FC275E2008BA8CF /* JSONKit */,
			);
			path = OpenSource;
			sourceTree = "<group>";
		};
		FE7D93751FC275E2008BA8CF /* JSONKit */ = {
			isa = PBXGroup;
			children = (
				FE7D93761FC275E2008BA8CF /* JSONKit.h */,
				FE7D93771FC275E2008BA8CF /* JSONKit.m */,
			);
			path = JSONKit;
			sourceTree = "<group>";
		};
/* End PBXGroup section */

/* Begin PBXNativeTarget section */
		FE7D93331FBEFB6A008BA8CF /* CH_ChiJiGame */ = {
			isa = PBXNativeTarget;
			buildConfigurationList = FE7D93611FBEFB6B008BA8CF /* Build configuration list for PBXNativeTarget "CH_ChiJiGame" */;
			buildPhases = (
				3B5357D59276E524F5D68D5F /* [CP] Check Pods Manifest.lock */,
				FE7D93301FBEFB6A008BA8CF /* Sources */,
				FE7D93311FBEFB6A008BA8CF /* Frameworks */,
				FE7D93321FBEFB6A008BA8CF /* Resources */,
				8CBC1FFDE97C037F3C7908C4 /* [CP] Embed Pods Frameworks */,
				AAF1743FFAAD14646471826A /* [CP] Copy Pods Resources */,
			);
			buildRules = (
			);
			dependencies = (
			);
			name = CH_ChiJiGame;
			productName = CH_ChiJiGame;
			productReference = FE7D93341FBEFB6A008BA8CF /* CH_ChiJiGame.app */;
			productType = "com.apple.product-type.application";
		};
		FE7D934C1FBEFB6A008BA8CF /* CH_ChiJiGameTests */ = {
			isa = PBXNativeTarget;
			buildConfigurationList = FE7D93641FBEFB6B008BA8CF /* Build configuration list for PBXNativeTarget "CH_ChiJiGameTests" */;
			buildPhases = (
				FE7D93491FBEFB6A008BA8CF /* Sources */,
				FE7D934A1FBEFB6A008BA8CF /* Frameworks */,
				FE7D934B1FBEFB6A008BA8CF /* Resources */,
			);
			buildRules = (
			);
			dependencies = (
				FE7D934F1FBEFB6A008BA8CF /* PBXTargetDependency */,
			);
			name = CH_ChiJiGameTests;
			productName = CH_ChiJiGameTests;
			productReference = FE7D934D1FBEFB6A008BA8CF /* CH_ChiJiGameTests.xctest */;
			productType = "com.apple.product-type.bundle.unit-test";
		};
		FE7D93571FBEFB6B008BA8CF /* CH_ChiJiGameUITests */ = {
			isa = PBXNativeTarget;
			buildConfigurationList = FE7D93671FBEFB6B008BA8CF /* Build configuration list for PBXNativeTarget "CH_ChiJiGameUITests" */;
			buildPhases = (
				FE7D93541FBEFB6B008BA8CF /* Sources */,
				FE7D93551FBEFB6B008BA8CF /* Frameworks */,
				FE7D93561FBEFB6B008BA8CF /* Resources */,
			);
			buildRules = (
			);
			dependencies = (
				FE7D935A1FBEFB6B008BA8CF /* PBXTargetDependency */,
			);
			name = CH_ChiJiGameUITests;
			productName = CH_ChiJiGameUITests;
			productReference = FE7D93581FBEFB6B008BA8CF /* CH_ChiJiGameUITests.xctest */;
			productType = "com.apple.product-type.bundle.ui-testing";
		};
/* End PBXNativeTarget section */

/* Begin PBXProject section */
		FE7D932C1FBEFB6A008BA8CF /* Project object */ = {
			isa = PBXProject;
			attributes = {
				LastUpgradeCheck = 0830;
				ORGANIZATIONNAME = "高向楠";
				TargetAttributes = {
					FE7D93331FBEFB6A008BA8CF = {
						CreatedOnToolsVersion = 8.3.3;
						DevelopmentTeam = WEDT4D5V4Q;
						ProvisioningStyle = Automatic;
					};
					FE7D934C1FBEFB6A008BA8CF = {
						CreatedOnToolsVersion = 8.3.3;
						ProvisioningStyle = Automatic;
						TestTargetID = FE7D93331FBEFB6A008BA8CF;
					};
					FE7D93571FBEFB6B008BA8CF = {
						CreatedOnToolsVersion = 8.3.3;
						ProvisioningStyle = Automatic;
						TestTargetID = FE7D93331FBEFB6A008BA8CF;
					};
				};
			};
			buildConfigurationList = FE7D932F1FBEFB6A008BA8CF /* Build configuration list for PBXProject "CH_ChiJiGame" */;
			compatibilityVersion = "Xcode 3.2";
			developmentRegion = English;
			hasScannedForEncodings = 0;
			knownRegions = (
				en,
				Base,
			);
			mainGroup = FE7D932B1FBEFB6A008BA8CF;
			productRefGroup = FE7D93351FBEFB6A008BA8CF /* Products */;
			projectDirPath = "";
			projectRoot = "";
			targets = (
				FE7D93331FBEFB6A008BA8CF /* CH_ChiJiGame */,
				FE7D934C1FBEFB6A008BA8CF /* CH_ChiJiGameTests */,
				FE7D93571FBEFB6B008BA8CF /* CH_ChiJiGameUITests */,
			);
		};
/* End PBXProject section */

/* Begin PBXResourcesBuildPhase section */
		FE7D93321FBEFB6A008BA8CF /* Resources */ = {
			isa = PBXResourcesBuildPhase;
			buildActionMask = 2147483647;
			files = (
				FE7D93471FBEFB6A008BA8CF /* LaunchScreen.storyboard in Resources */,
				FE7D93441FBEFB6A008BA8CF /* Assets.xcassets in Resources */,
				FE647A621FC545500016F3E4 /* mystyle_sdk_1511329093_0100.data in Resources */,
				FE7D93421FBEFB6A008BA8CF /* Main.storyboard in Resources */,
			);
			runOnlyForDeploymentPostprocessing = 0;
		};
		FE7D934B1FBEFB6A008BA8CF /* Resources */ = {
			isa = PBXResourcesBuildPhase;
			buildActionMask = 2147483647;
			files = (
			);
			runOnlyForDeploymentPostprocessing = 0;
		};
		FE7D93561FBEFB6B008BA8CF /* Resources */ = {
			isa = PBXResourcesBuildPhase;
			buildActionMask = 2147483647;
			files = (
			);
			runOnlyForDeploymentPostprocessing = 0;
		};
/* End PBXResourcesBuildPhase section */

/* Begin PBXShellScriptBuildPhase section */
		3B5357D59276E524F5D68D5F /* [CP] Check Pods Manifest.lock */ = {
			isa = PBXShellScriptBuildPhase;
			buildActionMask = 2147483647;
			files = (
			);
			inputPaths = (
				"${PODS_PODFILE_DIR_PATH}/Podfile.lock",
				"${PODS_ROOT}/Manifest.lock",
			);
			name = "[CP] Check Pods Manifest.lock";
			outputPaths = (
				"$(DERIVED_FILE_DIR)/Pods-CH_ChiJiGame-checkManifestLockResult.txt",
			);
			runOnlyForDeploymentPostprocessing = 0;
			shellPath = /bin/sh;
			shellScript = "diff \"${PODS_PODFILE_DIR_PATH}/Podfile.lock\" \"${PODS_ROOT}/Manifest.lock\" > /dev/null\nif [ $? != 0 ] ; then\n    # print error to STDERR\n    echo \"error: The sandbox is not in sync with the Podfile.lock. Run 'pod install' or update your CocoaPods installation.\" >&2\n    exit 1\nfi\n# This output is used by Xcode 'outputs' to avoid re-running this script phase.\necho \"SUCCESS\" > \"${SCRIPT_OUTPUT_FILE_0}\"\n";
			showEnvVarsInLog = 0;
		};
		8CBC1FFDE97C037F3C7908C4 /* [CP] Embed Pods Frameworks */ = {
			isa = PBXShellScriptBuildPhase;
			buildActionMask = 2147483647;
			files = (
			);
			inputPaths = (
			);
			name = "[CP] Embed Pods Frameworks";
			outputPaths = (
			);
			runOnlyForDeploymentPostprocessing = 0;
			shellPath = /bin/sh;
			shellScript = "\"${SRCROOT}/Pods/Target Support Files/Pods-CH_ChiJiGame/Pods-CH_ChiJiGame-frameworks.sh\"\n";
			showEnvVarsInLog = 0;
		};
		AAF1743FFAAD14646471826A /* [CP] Copy Pods Resources */ = {
			isa = PBXShellScriptBuildPhase;
			buildActionMask = 2147483647;
			files = (
			);
			inputPaths = (
				"${SRCROOT}/Pods/Target Support Files/Pods-CH_ChiJiGame/Pods-CH_ChiJiGame-resources.sh",
				"${PODS_ROOT}/AMap3DMap/MAMapKit.framework/AMap.bundle",
				"${PODS_ROOT}/AMapNavi/AMapNaviKit.framework/AMapNavi.bundle",
				"${PODS_ROOT}/MJRefresh/MJRefresh/MJRefresh.bundle",
			);
			name = "[CP] Copy Pods Resources";
			outputPaths = (
				"${TARGET_BUILD_DIR}/${UNLOCALIZED_RESOURCES_FOLDER_PATH}",
			);
			runOnlyForDeploymentPostprocessing = 0;
			shellPath = /bin/sh;
			shellScript = "\"${SRCROOT}/Pods/Target Support Files/Pods-CH_ChiJiGame/Pods-CH_ChiJiGame-resources.sh\"\n";
			showEnvVarsInLog = 0;
		};
/* End PBXShellScriptBuildPhase section */

/* Begin PBXSourcesBuildPhase section */
		FE7D93301FBEFB6A008BA8CF /* Sources */ = {
			isa = PBXSourcesBuildPhase;
			buildActionMask = 2147483647;
			files = (
				FE7D937E1FC27A17008BA8CF /* CH_TeamCreatViewController.m in Sources */,
				FE7D933F1FBEFB6A008BA8CF /* ViewController.m in Sources */,
				FE647A5B1FC3FA640016F3E4 /* CH_GameShowViewController.m in Sources */,
				FE7D937B1FC27971008BA8CF /* BaseViewController.m in Sources */,
				FE647A601FC51BA20016F3E4 /* CH_MemberMessView.m in Sources */,
				FE7D933C1FBEFB6A008BA8CF /* AppDelegate.m in Sources */,
				FE2CEFD01FCC10250078CE32 /* UserModel.m in Sources */,
				FE647A6A1FC679940016F3E4 /* LLPulseAnimation.m in Sources */,
				FE7D93781FC275E2008BA8CF /* JSONKit.m in Sources */,
				FE7D93851FC2D1E3008BA8CF /* CH_TeamCollectionViewCell.m in Sources */,
				FE647A6E1FC6EAC20016F3E4 /* CH_VictoryViewController.m in Sources */,
				FE2CEFD31FCC143C0078CE32 /* TeamModel.m in Sources */,
				FE2CEFD91FCECF930078CE32 /* PointModel.m in Sources */,
				FE647A6B1FC679940016F3E4 /* LLRadarView.m in Sources */,
				FE647A651FC5528B0016F3E4 /* CH_TeamMesView.m in Sources */,
				FE2CEFD61FCEC9DD0078CE32 /* LocationModel.m in Sources */,
				FE7D93391FBEFB6A008BA8CF /* main.m in Sources */,
				FE2CEFC01FCBE09C0078CE32 /* CH_NetWorkManager.m in Sources */,
				FE2CEFDC1FCF1A7A0078CE32 /* PlayerModel.m in Sources */,
				FE2CEFCC1FCC09D90078CE32 /* NSString+Option.m in Sources */,
			);
			runOnlyForDeploymentPostprocessing = 0;
		};
		FE7D93491FBEFB6A008BA8CF /* Sources */ = {
			isa = PBXSourcesBuildPhase;
			buildActionMask = 2147483647;
			files = (
				FE7D93521FBEFB6A008BA8CF /* CH_ChiJiGameTests.m in Sources */,
			);
			runOnlyForDeploymentPostprocessing = 0;
		};
		FE7D93541FBEFB6B008BA8CF /* Sources */ = {
			isa = PBXSourcesBuildPhase;
			buildActionMask = 2147483647;
			files = (
				FE7D935D1FBEFB6B008BA8CF /* CH_ChiJiGameUITests.m in Sources */,
			);
			runOnlyForDeploymentPostprocessing = 0;
		};
/* End PBXSourcesBuildPhase section */

/* Begin PBXTargetDependency section */
		FE7D934F1FBEFB6A008BA8CF /* PBXTargetDependency */ = {
			isa = PBXTargetDependency;
			target = FE7D93331FBEFB6A008BA8CF /* CH_ChiJiGame */;
			targetProxy = FE7D934E1FBEFB6A008BA8CF /* PBXContainerItemProxy */;
		};
		FE7D935A1FBEFB6B008BA8CF /* PBXTargetDependency */ = {
			isa = PBXTargetDependency;
			target = FE7D93331FBEFB6A008BA8CF /* CH_ChiJiGame */;
			targetProxy = FE7D93591FBEFB6B008BA8CF /* PBXContainerItemProxy */;
		};
/* End PBXTargetDependency section */

/* Begin PBXVariantGroup section */
		FE7D93401FBEFB6A008BA8CF /* Main.storyboard */ = {
			isa = PBXVariantGroup;
			children = (
				FE7D93411FBEFB6A008BA8CF /* Base */,
			);
			name = Main.storyboard;
			sourceTree = "<group>";
		};
		FE7D93451FBEFB6A008BA8CF /* LaunchScreen.storyboard */ = {
			isa = PBXVariantGroup;
			children = (
				FE7D93461FBEFB6A008BA8CF /* Base */,
			);
			name = LaunchScreen.storyboard;
			sourceTree = "<group>";
		};
/* End PBXVariantGroup section */

/* Begin XCBuildConfiguration section */
		FE7D935F1FBEFB6B008BA8CF /* Debug */ = {
			isa = XCBuildConfiguration;
			buildSettings = {
				ALWAYS_SEARCH_USER_PATHS = NO;
				CLANG_ANALYZER_NONNULL = YES;
				CLANG_ANALYZER_NUMBER_OBJECT_CONVERSION = YES_AGGRESSIVE;
				CLANG_CXX_LANGUAGE_STANDARD = "gnu++0x";
				CLANG_CXX_LIBRARY = "libc++";
				CLANG_ENABLE_MODULES = YES;
				CLANG_ENABLE_OBJC_ARC = YES;
				CLANG_WARN_BOOL_CONVERSION = YES;
				CLANG_WARN_CONSTANT_CONVERSION = YES;
				CLANG_WARN_DIRECT_OBJC_ISA_USAGE = YES_ERROR;
				CLANG_WARN_DOCUMENTATION_COMMENTS = YES;
				CLANG_WARN_EMPTY_BODY = YES;
				CLANG_WARN_ENUM_CONVERSION = YES;
				CLANG_WARN_INFINITE_RECURSION = YES;
				CLANG_WARN_INT_CONVERSION = YES;
				CLANG_WARN_OBJC_ROOT_CLASS = YES_ERROR;
				CLANG_WARN_SUSPICIOUS_MOVE = YES;
				CLANG_WARN_UNREACHABLE_CODE = YES;
				CLANG_WARN__DUPLICATE_METHOD_MATCH = YES;
				"CODE_SIGN_IDENTITY[sdk=iphoneos*]" = "iPhone Developer";
				COPY_PHASE_STRIP = NO;
				DEBUG_INFORMATION_FORMAT = dwarf;
				ENABLE_STRICT_OBJC_MSGSEND = YES;
				ENABLE_TESTABILITY = YES;
				GCC_C_LANGUAGE_STANDARD = gnu99;
				GCC_DYNAMIC_NO_PIC = NO;
				GCC_NO_COMMON_BLOCKS = YES;
				GCC_OPTIMIZATION_LEVEL = 0;
				GCC_PREPROCESSOR_DEFINITIONS = (
					"DEBUG=1",
					"$(inherited)",
				);
				GCC_WARN_64_TO_32_BIT_CONVERSION = YES;
				GCC_WARN_ABOUT_RETURN_TYPE = YES_ERROR;
				GCC_WARN_UNDECLARED_SELECTOR = YES;
				GCC_WARN_UNINITIALIZED_AUTOS = YES_AGGRESSIVE;
				GCC_WARN_UNUSED_FUNCTION = YES;
				GCC_WARN_UNUSED_VARIABLE = YES;
				IPHONEOS_DEPLOYMENT_TARGET = 10.3;
				MTL_ENABLE_DEBUG_INFO = YES;
				ONLY_ACTIVE_ARCH = YES;
				SDKROOT = iphoneos;
				TARGETED_DEVICE_FAMILY = "1,2";
			};
			name = Debug;
		};
		FE7D93601FBEFB6B008BA8CF /* Release */ = {
			isa = XCBuildConfiguration;
			buildSettings = {
				ALWAYS_SEARCH_USER_PATHS = NO;
				CLANG_ANALYZER_NONNULL = YES;
				CLANG_ANALYZER_NUMBER_OBJECT_CONVERSION = YES_AGGRESSIVE;
				CLANG_CXX_LANGUAGE_STANDARD = "gnu++0x";
				CLANG_CXX_LIBRARY = "libc++";
				CLANG_ENABLE_MODULES = YES;
				CLANG_ENABLE_OBJC_ARC = YES;
				CLANG_WARN_BOOL_CONVERSION = YES;
				CLANG_WARN_CONSTANT_CONVERSION = YES;
				CLANG_WARN_DIRECT_OBJC_ISA_USAGE = YES_ERROR;
				CLANG_WARN_DOCUMENTATION_COMMENTS = YES;
				CLANG_WARN_EMPTY_BODY = YES;
				CLANG_WARN_ENUM_CONVERSION = YES;
				CLANG_WARN_INFINITE_RECURSION = YES;
				CLANG_WARN_INT_CONVERSION = YES;
				CLANG_WARN_OBJC_ROOT_CLASS = YES_ERROR;
				CLANG_WARN_SUSPICIOUS_MOVE = YES;
				CLANG_WARN_UNREACHABLE_CODE = YES;
				CLANG_WARN__DUPLICATE_METHOD_MATCH = YES;
				"CODE_SIGN_IDENTITY[sdk=iphoneos*]" = "iPhone Developer";
				COPY_PHASE_STRIP = NO;
				DEBUG_INFORMATION_FORMAT = "dwarf-with-dsym";
				ENABLE_NS_ASSERTIONS = NO;
				ENABLE_STRICT_OBJC_MSGSEND = YES;
				GCC_C_LANGUAGE_STANDARD = gnu99;
				GCC_NO_COMMON_BLOCKS = YES;
				GCC_WARN_64_TO_32_BIT_CONVERSION = YES;
				GCC_WARN_ABOUT_RETURN_TYPE = YES_ERROR;
				GCC_WARN_UNDECLARED_SELECTOR = YES;
				GCC_WARN_UNINITIALIZED_AUTOS = YES_AGGRESSIVE;
				GCC_WARN_UNUSED_FUNCTION = YES;
				GCC_WARN_UNUSED_VARIABLE = YES;
				IPHONEOS_DEPLOYMENT_TARGET = 10.3;
				MTL_ENABLE_DEBUG_INFO = NO;
				SDKROOT = iphoneos;
				TARGETED_DEVICE_FAMILY = "1,2";
				VALIDATE_PRODUCT = YES;
			};
			name = Release;
		};
		FE7D93621FBEFB6B008BA8CF /* Debug */ = {
			isa = XCBuildConfiguration;
			baseConfigurationReference = 0C178FDA56FD52B52C5D56C8 /* Pods-CH_ChiJiGame.debug.xcconfig */;
			buildSettings = {
				ASSETCATALOG_COMPILER_APPICON_NAME = AppIcon;
				DEVELOPMENT_TEAM = WEDT4D5V4Q;
				GCC_PRECOMPILE_PREFIX_HEADER = YES;
				GCC_PREFIX_HEADER = "CH_ChiJiGame/CH_ChiJiGame-Prefix.pch";
				INFOPLIST_FILE = CH_ChiJiGame/Info.plist;
				IPHONEOS_DEPLOYMENT_TARGET = 8.0;
				LD_RUNPATH_SEARCH_PATHS = "$(inherited) @executable_path/Frameworks";
				PRODUCT_BUNDLE_IDENTIFIER = "com.CH-ChiJiGame.demo";
				PRODUCT_NAME = "$(TARGET_NAME)";
			};
			name = Debug;
		};
		FE7D93631FBEFB6B008BA8CF /* Release */ = {
			isa = XCBuildConfiguration;
			baseConfigurationReference = B22A4DE0CD94C9341B292A49 /* Pods-CH_ChiJiGame.release.xcconfig */;
			buildSettings = {
				ASSETCATALOG_COMPILER_APPICON_NAME = AppIcon;
				DEVELOPMENT_TEAM = WEDT4D5V4Q;
				GCC_PRECOMPILE_PREFIX_HEADER = YES;
				GCC_PREFIX_HEADER = "CH_ChiJiGame/CH_ChiJiGame-Prefix.pch";
				INFOPLIST_FILE = CH_ChiJiGame/Info.plist;
				IPHONEOS_DEPLOYMENT_TARGET = 8.0;
				LD_RUNPATH_SEARCH_PATHS = "$(inherited) @executable_path/Frameworks";
				PRODUCT_BUNDLE_IDENTIFIER = "com.CH-ChiJiGame.demo";
				PRODUCT_NAME = "$(TARGET_NAME)";
			};
			name = Release;
		};
		FE7D93651FBEFB6B008BA8CF /* Debug */ = {
			isa = XCBuildConfiguration;
			buildSettings = {
				BUNDLE_LOADER = "$(TEST_HOST)";
				INFOPLIST_FILE = CH_ChiJiGameTests/Info.plist;
				LD_RUNPATH_SEARCH_PATHS = "$(inherited) @executable_path/Frameworks @loader_path/Frameworks";
				PRODUCT_BUNDLE_IDENTIFIER = "ViewLayer.CH-ChiJiGameTests";
				PRODUCT_NAME = "$(TARGET_NAME)";
				TEST_HOST = "$(BUILT_PRODUCTS_DIR)/CH_ChiJiGame.app/CH_ChiJiGame";
			};
			name = Debug;
		};
		FE7D93661FBEFB6B008BA8CF /* Release */ = {
			isa = XCBuildConfiguration;
			buildSettings = {
				BUNDLE_LOADER = "$(TEST_HOST)";
				INFOPLIST_FILE = CH_ChiJiGameTests/Info.plist;
				LD_RUNPATH_SEARCH_PATHS = "$(inherited) @executable_path/Frameworks @loader_path/Frameworks";
				PRODUCT_BUNDLE_IDENTIFIER = "ViewLayer.CH-ChiJiGameTests";
				PRODUCT_NAME = "$(TARGET_NAME)";
				TEST_HOST = "$(BUILT_PRODUCTS_DIR)/CH_ChiJiGame.app/CH_ChiJiGame";
			};
			name = Release;
		};
		FE7D93681FBEFB6B008BA8CF /* Debug */ = {
			isa = XCBuildConfiguration;
			buildSettings = {
				INFOPLIST_FILE = CH_ChiJiGameUITests/Info.plist;
				LD_RUNPATH_SEARCH_PATHS = "$(inherited) @executable_path/Frameworks @loader_path/Frameworks";
				PRODUCT_BUNDLE_IDENTIFIER = "ViewLayer.CH-ChiJiGameUITests";
				PRODUCT_NAME = "$(TARGET_NAME)";
				TEST_TARGET_NAME = CH_ChiJiGame;
			};
			name = Debug;
		};
		FE7D93691FBEFB6B008BA8CF /* Release */ = {
			isa = XCBuildConfiguration;
			buildSettings = {
				INFOPLIST_FILE = CH_ChiJiGameUITests/Info.plist;
				LD_RUNPATH_SEARCH_PATHS = "$(inherited) @executable_path/Frameworks @loader_path/Frameworks";
				PRODUCT_BUNDLE_IDENTIFIER = "ViewLayer.CH-ChiJiGameUITests";
				PRODUCT_NAME = "$(TARGET_NAME)";
				TEST_TARGET_NAME = CH_ChiJiGame;
			};
			name = Release;
		};
/* End XCBuildConfiguration section */

/* Begin XCConfigurationList section */
		FE7D932F1FBEFB6A008BA8CF /* Build configuration list for PBXProject "CH_ChiJiGame" */ = {
			isa = XCConfigurationList;
			buildConfigurations = (
				FE7D935F1FBEFB6B008BA8CF /* Debug */,
				FE7D93601FBEFB6B008BA8CF /* Release */,
			);
			defaultConfigurationIsVisible = 0;
			defaultConfigurationName = Release;
		};
		FE7D93611FBEFB6B008BA8CF /* Build configuration list for PBXNativeTarget "CH_ChiJiGame" */ = {
			isa = XCConfigurationList;
			buildConfigurations = (
				FE7D93621FBEFB6B008BA8CF /* Debug */,
				FE7D93631FBEFB6B008BA8CF /* Release */,
			);
			defaultConfigurationIsVisible = 0;
			defaultConfigurationName = Release;
		};
		FE7D93641FBEFB6B008BA8CF /* Build configuration list for PBXNativeTarget "CH_ChiJiGameTests" */ = {
			isa = XCConfigurationList;
			buildConfigurations = (
				FE7D93651FBEFB6B008BA8CF /* Debug */,
				FE7D93661FBEFB6B008BA8CF /* Release */,
			);
			defaultConfigurationIsVisible = 0;
			defaultConfigurationName = Release;
		};
		FE7D93671FBEFB6B008BA8CF /* Build configuration list for PBXNativeTarget "CH_ChiJiGameUITests" */ = {
			isa = XCConfigurationList;
			buildConfigurations = (
				FE7D93681FBEFB6B008BA8CF /* Debug */,
				FE7D93691FBEFB6B008BA8CF /* Release */,
			);
			defaultConfigurationIsVisible = 0;
			defaultConfigurationName = Release;
		};
/* End XCConfigurationList section */
	};
	rootObject = FE7D932C1FBEFB6A008BA8CF /* Project object */;
}
